github.com/evolbioinf/clio v0.0.0-20210309091639-82cb91a31b0c h1:TkHWkaNNpQC+/HCKjAi85vXC8HC7py2YPMSBUOkGmkU=
github.com/evolbioinf/clio v0.0.0-20210309091639-82cb91a31b0c/go.mod h1:Jh4QPiChVHZHe7fwj+xcSs6kUcQbQVzsd/ht3PIoaaU=
github.com/evolbioinf/dist v0.0.0-20230320162102-c887c99309e3 h1:dqcLD3gx7yhipybuAIRXomy2gjd/v2XBdaUjVNW2yHo=
github.com/evolbioinf/dist v0.0.0-20230320162102-c887c99309e3/go.mod h1:iovh5uCC25Dgmxdz6DRZXFGEJXUoSML8+/QixZsVar4=
github.com/evolbioinf/esa v0.0.0-20220119170951-53a316f07a9b h1:Dg6P2c7dwVuu2P9jKzRmb0LGTqPvxZLdpgrkQFEXn54=
github.com/evolbioinf/esa v0.0.0-20220119170951-53a316f07a9b/go.mod h1:3JO3FxGmnJ11JQBeeLoL61XBsZ76s9jod10IyKrxjHs=
github.com/evolbioinf/fasta v0.0.0-20210309091740-48b65faf5d3e/go.mod h1:kPJhClPhTozhqGfmcFJVxhz0J1xX/yBvDa8FBTlxbm4=
github.com/evolbioinf/fasta v0.0.0-20211125081250-489cff0f4d5d/go.mod h1:1bD5OMlu85gdxSDr74kxUElPjLc/EVTzkRw2UT+FMhg=
github.com/evolbioinf/fasta v0.0.0-20220329100526-fa625fa59b5d h1:13pT8++1YrSDWT1cD1R+L/N7ulgjkKrnhBgXMUYyKYk=
github.com/evolbioinf/fasta v0.0.0-20220329100526-fa625fa59b5d/go.mod h1:1bD5OMlu85gdxSDr74kxUElPjLc/EVTzkRw2UT+FMhg=
github.com/evolbioinf/kt v0.0.0-20220217115230-7df97358e858 h1:W1NcvVgm+btAgldmwvDjUf2C23nClurooAWwIsLbF78=
github.com/evolbioinf/kt v0.0.0-20220217115230-7df97358e858/go.mod h1:qY30rgg2ERi/z3kkooYu9Cbb+7sLNfoFQfyaS12PbBs=
github.com/evolbioinf/nwk v0.0.0-20230908094403-ee6b2455ac72 h1:rU+miJpQFOTPUow9T4zApW5c5MnFY+0BHtrH42dSwtQ=
github.com/evolbioinf/nwk v0.0.0-20230908094403-ee6b2455ac72/go.mod h1:AduknVpv3xviFarKiTVjKI73aA5fje7tY3k8ILXwB8I=
github.com/evolbioinf/pal v0.0.0-20220704163646-8994e5ba84d9 h1:EUwWYTMk8Z91RrAUKGXQdMxzD+Wx0wUfM0rbDAJr3Po=
github.com/evolbioinf/pal v0.0.0-20220704163646-8994e5ba84d9/go.mod h1:VzU3V2L2+XH52cL0nInruh0OKP6TsK8nUqXp3J0YUHI=
