github.com/evolbioinf/clio v0.0.0-20210309091639-82cb91a31b0c h1:TkHWkaNNpQC+/HCKjAi85vXC8HC7py2YPMSBUOkGmkU=
github.com/evolbioinf/clio v0.0.0-20210309091639-82cb91a31b0c/go.mod h1:Jh4QPiChVHZHe7fwj+xcSs6kUcQbQVzsd/ht3PIoaaU=
github.com/evolbioinf/dist v0.0.0-20230320162102-c887c99309e3 h1:dqcLD3gx7yhipybuAIRXomy2gjd/v2XBdaUjVNW2yHo=
github.com/evolbioinf/dist v0.0.0-20230320162102-c887c99309e3/go.mod h1:iovh5uCC25Dgmxdz6DRZXFGEJXUoSML8+/QixZsVar4=
github.com/evolbioinf/esa v0.0.0-20230927083709-51f6ba41362b h1:9WO1nd3AdylOZe0Q3Sc2D033PclQGe/ROkbJ5SXrFzg=
github.com/evolbioinf/esa v0.0.0-20230927083709-51f6ba41362b/go.mod h1:JHdYx+agish2s0bExLYu4sfnkIpQfzQkugwgq+yPXDY=
github.com/evolbioinf/fasta v0.0.0-20210309091740-48b65faf5d3e/go.mod h1:kPJhClPhTozhqGfmcFJVxhz0J1xX/yBvDa8FBTlxbm4=
github.com/evolbioinf/fasta v0.0.0-20211125081250-489cff0f4d5d/go.mod h1:1bD5OMlu85gdxSDr74kxUElPjLc/EVTzkRw2UT+FMhg=
github.com/evolbioinf/fasta v0.0.0-20220329100526-fa625fa59b5d h1:13pT8++1YrSDWT1cD1R+L/N7ulgjkKrnhBgXMUYyKYk=
github.com/evolbioinf/fasta v0.0.0-20220329100526-fa625fa59b5d/go.mod h1:1bD5OMlu85gdxSDr74kxUElPjLc/EVTzkRw2UT+FMhg=
github.com/evolbioinf/kt v0.0.0-20240216103215-a301ccaa2b4f h1:Wu0pTPX2/SYv5DP3oht0FCPhIrmdhDf9wUbMZnW2UaE=
github.com/evolbioinf/kt v0.0.0-20240216103215-a301ccaa2b4f/go.mod h1:qY30rgg2ERi/z3kkooYu9Cbb+7sLNfoFQfyaS12PbBs=
github.com/evolbioinf/kt v0.0.0-20240413091917-91bf008b0985 h1:wc8i07TU23BkAlzV9FMQlGbvUavdUomHt7ry2O4L4w4=
github.com/evolbioinf/kt v0.0.0-20240413091917-91bf008b0985/go.mod h1:qY30rgg2ERi/z3kkooYu9Cbb+7sLNfoFQfyaS12PbBs=
github.com/evolbioinf/kt v0.0.0-20251030091237-3b8607100649 h1:GBYULHgZocKdmEvBMZ9R2WoHF892EQRh6mThgAu/6LI=
github.com/evolbioinf/kt v0.0.0-20251030091237-3b8607100649/go.mod h1:qY30rgg2ERi/z3kkooYu9Cbb+7sLNfoFQfyaS12PbBs=
github.com/evolbioinf/nwk v0.0.0-20230908094403-ee6b2455ac72 h1:rU+miJpQFOTPUow9T4zApW5c5MnFY+0BHtrH42dSwtQ=
github.com/evolbioinf/nwk v0.0.0-20230908094403-ee6b2455ac72/go.mod h1:AduknVpv3xviFarKiTVjKI73aA5fje7tY3k8ILXwB8I=
github.com/evolbioinf/pal v0.0.0-20220704163646-8994e5ba84d9 h1:EUwWYTMk8Z91RrAUKGXQdMxzD+Wx0wUfM0rbDAJr3Po=
github.com/evolbioinf/pal v0.0.0-20220704163646-8994e5ba84d9/go.mod h1:VzU3V2L2+XH52cL0nInruh0OKP6TsK8nUqXp3J0YUHI=
github.com/evolbioinf/pal v0.0.0-20260214115358-867e97787e7c h1:GbVax+2xt42U3Qe7YuOfT5yVbxaK03OEZKv/Fb651eo=
github.com/evolbioinf/pal v0.0.0-20260214115358-867e97787e7c/go.mod h1:VzU3V2L2+XH52cL0nInruh0OKP6TsK8nUqXp3J0YUHI=
github.com/evolbioinf/sus v0.0.0-20230123102713-cc3fd6887965/go.mod h1:SaiLF93OldWIG3wdOZ+aZSNoklGESyYLi5yGQRXONLs=
