github.com/evolbioinf/biobox/util v0.0.0-20220323160020-bfe486ab8891 h1:BiM5xmmnx2Zg/LRlcZGfm+97RDIcAG/gC9wEW90SVvg=
github.com/evolbioinf/biobox/util v0.0.0-20220323160020-bfe486ab8891/go.mod h1:C3tJknCu5bE7mnJXqqW6XbQqmBP7/5B4xkYb5/srF/E=
github.com/evolbioinf/clio v0.0.0-20210309091639-82cb91a31b0c h1:TkHWkaNNpQC+/HCKjAi85vXC8HC7py2YPMSBUOkGmkU=
github.com/evolbioinf/clio v0.0.0-20210309091639-82cb91a31b0c/go.mod h1:Jh4QPiChVHZHe7fwj+xcSs6kUcQbQVzsd/ht3PIoaaU=
github.com/evolbioinf/dist v0.0.0-20211201102954-64b418a79d17 h1:wE2PkA0l6kyr0+FFEvxb0ENGxXpcca3Cz8X+Fdwsoh4=
github.com/evolbioinf/dist v0.0.0-20211201102954-64b418a79d17/go.mod h1:iovh5uCC25Dgmxdz6DRZXFGEJXUoSML8+/QixZsVar4=
github.com/evolbioinf/esa v0.0.0-20220119170951-53a316f07a9b h1:Dg6P2c7dwVuu2P9jKzRmb0LGTqPvxZLdpgrkQFEXn54=
github.com/evolbioinf/esa v0.0.0-20220119170951-53a316f07a9b/go.mod h1:3JO3FxGmnJ11JQBeeLoL61XBsZ76s9jod10IyKrxjHs=
github.com/evolbioinf/fasta v0.0.0-20210309091740-48b65faf5d3e/go.mod h1:kPJhClPhTozhqGfmcFJVxhz0J1xX/yBvDa8FBTlxbm4=
github.com/evolbioinf/fasta v0.0.0-20211125081250-489cff0f4d5d h1:EOkzTqfTeNlU3oDOnzMCh0Agmk7IJ0CBR15DP/wLkLI=
github.com/evolbioinf/fasta v0.0.0-20211125081250-489cff0f4d5d/go.mod h1:1bD5OMlu85gdxSDr74kxUElPjLc/EVTzkRw2UT+FMhg=
github.com/evolbioinf/fasta v0.0.0-20220328115442-d5634f5a832a h1:zbn37J/Nkq0JCxDeMZQRgFHxyyosrfCIJg3Vwctk0MI=
github.com/evolbioinf/fasta v0.0.0-20220328115442-d5634f5a832a/go.mod h1:1bD5OMlu85gdxSDr74kxUElPjLc/EVTzkRw2UT+FMhg=
github.com/evolbioinf/fasta v0.0.0-20220329100526-fa625fa59b5d h1:13pT8++1YrSDWT1cD1R+L/N7ulgjkKrnhBgXMUYyKYk=
github.com/evolbioinf/fasta v0.0.0-20220329100526-fa625fa59b5d/go.mod h1:1bD5OMlu85gdxSDr74kxUElPjLc/EVTzkRw2UT+FMhg=
github.com/evolbioinf/kt v0.0.0-20220217115230-7df97358e858 h1:W1NcvVgm+btAgldmwvDjUf2C23nClurooAWwIsLbF78=
github.com/evolbioinf/kt v0.0.0-20220217115230-7df97358e858/go.mod h1:qY30rgg2ERi/z3kkooYu9Cbb+7sLNfoFQfyaS12PbBs=
github.com/evolbioinf/nwk v0.0.0-20211207083629-c5df2cc39f5d h1:LctBuhajUZW2NoLVq8nfchJvcqozx5B69ED8Vy7MA2U=
github.com/evolbioinf/nwk v0.0.0-20211207083629-c5df2cc39f5d/go.mod h1:AduknVpv3xviFarKiTVjKI73aA5fje7tY3k8ILXwB8I=
github.com/evolbioinf/nwk v0.0.0-20220519153040-aac63e756017 h1:YGMZzWHnDgL1QcpSF3TRfeFSsL4KuqV+1NeIqq5BUMc=
github.com/evolbioinf/nwk v0.0.0-20220519153040-aac63e756017/go.mod h1:AduknVpv3xviFarKiTVjKI73aA5fje7tY3k8ILXwB8I=
github.com/evolbioinf/nwk v0.0.0-20220622064959-525c7ad4fdc9 h1:VyFJGX0t8hcW7zf2CC+dKDjvwCa/Uqiw3Mjn/J9EXIg=
github.com/evolbioinf/nwk v0.0.0-20220622064959-525c7ad4fdc9/go.mod h1:AduknVpv3xviFarKiTVjKI73aA5fje7tY3k8ILXwB8I=
github.com/evolbioinf/nwk v0.0.0-20220622085205-07dd42c9fcab h1:ivnujO9Wn3zf1IPbiPLLe/sKnyA7Jd7pP79i2LS/wHQ=
github.com/evolbioinf/nwk v0.0.0-20220622085205-07dd42c9fcab/go.mod h1:AduknVpv3xviFarKiTVjKI73aA5fje7tY3k8ILXwB8I=
github.com/evolbioinf/pal v0.0.0-20220307145336-e8a6c4e3c804 h1:z+6HYe+mlPWDLpisY1SGafhHXLYdZnqtHfTyxH/Z0GE=
github.com/evolbioinf/pal v0.0.0-20220307145336-e8a6c4e3c804/go.mod h1:VzU3V2L2+XH52cL0nInruh0OKP6TsK8nUqXp3J0YUHI=
github.com/evolbioinf/pal v0.0.0-20220428140747-3c2a18bb380c h1:k+3QYnvir+Nz2luMIkv+h/wqyRlmKORbSe8kT5+/sq0=
github.com/evolbioinf/pal v0.0.0-20220428140747-3c2a18bb380c/go.mod h1:VzU3V2L2+XH52cL0nInruh0OKP6TsK8nUqXp3J0YUHI=
