github.com/evolbioinf/biobox/util v0.0.0-20211214095905-3aa43ac136f6 h1:xzfMpXKg0/aoZ0gI/e6sLTfllKuk4qvoyc5zt0Xx1ek=
github.com/evolbioinf/biobox/util v0.0.0-20211214095905-3aa43ac136f6/go.mod h1:17MTo94/LbSztH2mRy4o43PEquKPvfDVEm0N/hIjmsA=
github.com/evolbioinf/clio v0.0.0-20210309091639-82cb91a31b0c h1:TkHWkaNNpQC+/HCKjAi85vXC8HC7py2YPMSBUOkGmkU=
github.com/evolbioinf/clio v0.0.0-20210309091639-82cb91a31b0c/go.mod h1:Jh4QPiChVHZHe7fwj+xcSs6kUcQbQVzsd/ht3PIoaaU=
github.com/evolbioinf/fasta v0.0.0-20210309091740-48b65faf5d3e/go.mod h1:kPJhClPhTozhqGfmcFJVxhz0J1xX/yBvDa8FBTlxbm4=
github.com/evolbioinf/fasta v0.0.0-20211125081250-489cff0f4d5d h1:EOkzTqfTeNlU3oDOnzMCh0Agmk7IJ0CBR15DP/wLkLI=
github.com/evolbioinf/fasta v0.0.0-20211125081250-489cff0f4d5d/go.mod h1:1bD5OMlu85gdxSDr74kxUElPjLc/EVTzkRw2UT+FMhg=
github.com/evolbioinf/kt v0.0.0-20211009095210-0570fa6c6413 h1:Pxu0AcHQGLYZxts9Bp6dcY3DDiLdpc5XICwWJ4EWzNY=
github.com/evolbioinf/kt v0.0.0-20211009095210-0570fa6c6413/go.mod h1:qY30rgg2ERi/z3kkooYu9Cbb+7sLNfoFQfyaS12PbBs=
github.com/evolbioinf/pal v0.0.0-20211222080637-265ee98e30cb h1:L4fZzcePbqAAHSc0/flc0LlPPhlZ14mY10ccGSGMVNo=
github.com/evolbioinf/pal v0.0.0-20211222080637-265ee98e30cb/go.mod h1:VzU3V2L2+XH52cL0nInruh0OKP6TsK8nUqXp3J0YUHI=
